
Microsoft Visual Studio Solution File, Format Version 12.00
# Visual Studio Version 17
VisualStudioVersion = 17.11.35303.130
MinimumVisualStudioVersion = 10.0.40219.1
Project("{FAE04EC0-301F-11D3-BF4B-00C04F79EFBC}") = "ProComunity.Web", "ProComunity.Web\ProComunity.Web.csproj", "{721C04F0-FDF3-45B8-8B04-3C04D646A933}"
EndProject
Global
	GlobalSection(SolutionConfigurationPlatforms) = preSolution
		Debug|Any CPU = Debug|Any CPU
		Release|Any CPU = Release|Any CPU
	EndGlobalSection
	GlobalSection(ProjectConfigurationPlatforms) = postSolution
		{721C04F0-FDF3-45B8-8B04-3C04D646A933}.Debug|Any CPU.ActiveCfg = Debug|Any CPU
		{721C04F0-FDF3-45B8-8B04-3C04D646A933}.Debug|Any CPU.Build.0 = Debug|Any CPU
		{721C04F0-FDF3-45B8-8B04-3C04D646A933}.Release|Any CPU.ActiveCfg = Release|Any CPU
		{721C04F0-FDF3-45B8-8B04-3C04D646A933}.Release|Any CPU.Build.0 = Release|Any CPU
	EndGlobalSection
	GlobalSection(SolutionProperties) = preSolution
		HideSolutionNode = FALSE
	EndGlobalSection
	GlobalSection(ExtensibilityGlobals) = postSolution
		SolutionGuid = {19BAB5EC-877D-462C-ABEF-655C3F88A430}
	EndGlobalSection
EndGlobal
